
Microsoft Visual Studio Solution File, Format Version 12.00
# Visual Studio Version 17
VisualStudioVersion = 17.14.35906.104 d17.14
MinimumVisualStudioVersion = 10.0.40219.1
Project("{FAE04EC0-301F-11D3-BF4B-00C04F79EFBC}") = "UI_Desktop", "UI_Desktop\UI_Desktop.csproj", "{ED47C14F-4F83-4358-8790-67514EC6FEDF}"
EndProject
Global
	GlobalSection(SolutionConfigurationPlatforms) = preSolution
		Debug|Any CPU = Debug|Any CPU
		Release|Any CPU = Release|Any CPU
	EndGlobalSection
	GlobalSection(ProjectConfigurationPlatforms) = postSolution
		{ED47C14F-4F83-4358-8790-67514EC6FEDF}.Debug|Any CPU.ActiveCfg = Debug|Any CPU
		{ED47C14F-4F83-4358-8790-67514EC6FEDF}.Debug|Any CPU.Build.0 = Debug|Any CPU
		{ED47C14F-4F83-4358-8790-67514EC6FEDF}.Release|Any CPU.ActiveCfg = Release|Any CPU
		{ED47C14F-4F83-4358-8790-67514EC6FEDF}.Release|Any CPU.Build.0 = Release|Any CPU
	EndGlobalSection
	GlobalSection(SolutionProperties) = preSolution
		HideSolutionNode = FALSE
	EndGlobalSection
	GlobalSection(ExtensibilityGlobals) = postSolution
		SolutionGuid = {AA5462DB-F19B-4963-AEA9-87E31D94EA5F}
	EndGlobalSection
EndGlobal
